
Microsoft Visual Studio Solution File, Format Version 12.00
# Visual Studio Version 17
VisualStudioVersion = 17.5.33502.453
MinimumVisualStudioVersion = 10.0.40219.1
Project("{FAE04EC0-301F-11D3-BF4B-00C04F79EFBC}") = "Anketa_HW", "Anketa_HW\Anketa_HW.csproj", "{C45316B5-C17D-4B86-8BE3-EB0A92DC6E02}"
EndProject
Global
	GlobalSection(SolutionConfigurationPlatforms) = preSolution
		Debug|Any CPU = Debug|Any CPU
		Release|Any CPU = Release|Any CPU
	EndGlobalSection
	GlobalSection(ProjectConfigurationPlatforms) = postSolution
		{C45316B5-C17D-4B86-8BE3-EB0A92DC6E02}.Debug|Any CPU.ActiveCfg = Debug|Any CPU
		{C45316B5-C17D-4B86-8BE3-EB0A92DC6E02}.Debug|Any CPU.Build.0 = Debug|Any CPU
		{C45316B5-C17D-4B86-8BE3-EB0A92DC6E02}.Release|Any CPU.ActiveCfg = Release|Any CPU
		{C45316B5-C17D-4B86-8BE3-EB0A92DC6E02}.Release|Any CPU.Build.0 = Release|Any CPU
	EndGlobalSection
	GlobalSection(SolutionProperties) = preSolution
		HideSolutionNode = FALSE
	EndGlobalSection
	GlobalSection(ExtensibilityGlobals) = postSolution
		SolutionGuid = {04E3106E-39A3-40E1-B424-A416AFF26B87}
	EndGlobalSection
EndGlobal
